// !$*UTF8*$!
{
	archiveVersion = 1;
	classes = {
	};
	objectVersion = 50;
	objects = {

/* Begin PBXBuildFile section */
		C1B97AA7227EE4DC00B7A87E /* AppDelegate.swift in Sources */ = {isa = PBXBuildFile; fileRef = C1B97AA6227EE4DC00B7A87E /* AppDelegate.swift */; };
		C1B97AA9227EE4DC00B7A87E /* RootViewController.swift in Sources */ = {isa = PBXBuildFile; fileRef = C1B97AA8227EE4DC00B7A87E /* RootViewController.swift */; };
		C1B97AAB227EE4DC00B7A87E /* DataViewController.swift in Sources */ = {isa = PBXBuildFile; fileRef = C1B97AAA227EE4DC00B7A87E /* DataViewController.swift */; };
		C1B97AAD227EE4DC00B7A87E /* ModelController.swift in Sources */ = {isa = PBXBuildFile; fileRef = C1B97AAC227EE4DC00B7A87E /* ModelController.swift */; };
		C1B97AB0227EE4DC00B7A87E /* Main.storyboard in Resources */ = {isa = PBXBuildFile; fileRef = C1B97AAE227EE4DC00B7A87E /* Main.storyboard */; };
		C1B97AB2227EE4DE00B7A87E /* Assets.xcassets in Resources */ = {isa = PBXBuildFile; fileRef = C1B97AB1227EE4DE00B7A87E /* Assets.xcassets */; };
		C1B97AB5227EE4DE00B7A87E /* LaunchScreen.storyboard in Resources */ = {isa = PBXBuildFile; fileRef = C1B97AB3227EE4DE00B7A87E /* LaunchScreen.storyboard */; };
/* End PBXBuildFile section */

/* Begin PBXFileReference section */
		C1B97AA3227EE4DC00B7A87E /* OrenchukCV.app */ = {isa = PBXFileReference; explicitFileType = wrapper.application; includeInIndex = 0; path = OrenchukCV.app; sourceTree = BUILT_PRODUCTS_DIR; };
		C1B97AA6227EE4DC00B7A87E /* AppDelegate.swift */ = {isa = PBXFileReference; lastKnownFileType = sourcecode.swift; path = AppDelegate.swift; sourceTree = "<group>"; };
		C1B97AA8227EE4DC00B7A87E /* RootViewController.swift */ = {isa = PBXFileReference; lastKnownFileType = sourcecode.swift; path = RootViewController.swift; sourceTree = "<group>"; };
		C1B97AAA227EE4DC00B7A87E /* DataViewController.swift */ = {isa = PBXFileReference; lastKnownFileType = sourcecode.swift; path = DataViewController.swift; sourceTree = "<group>"; };
		C1B97AAC227EE4DC00B7A87E /* ModelController.swift */ = {isa = PBXFileReference; lastKnownFileType = sourcecode.swift; path = ModelController.swift; sourceTree = "<group>"; };
		C1B97AAF227EE4DC00B7A87E /* Base */ = {isa = PBXFileReference; lastKnownFileType = file.storyboard; name = Base; path = Base.lproj/Main.storyboard; sourceTree = "<group>"; };
		C1B97AB1227EE4DE00B7A87E /* Assets.xcassets */ = {isa = PBXFileReference; lastKnownFileType = folder.assetcatalog; path = Assets.xcassets; sourceTree = "<group>"; };
		C1B97AB4227EE4DE00B7A87E /* Base */ = {isa = PBXFileReference; lastKnownFileType = file.storyboard; name = Base; path = Base.lproj/LaunchScreen.storyboard; sourceTree = "<group>"; };
		C1B97AB6227EE4DE00B7A87E /* Info.plist */ = {isa = PBXFileReference; lastKnownFileType = text.plist.xml; path = Info.plist; sourceTree = "<group>"; };
/* End PBXFileReference section */

/* Begin PBXFrameworksBuildPhase section */
		C1B97AA0227EE4DC00B7A87E /* Frameworks */ = {
			isa = PBXFrameworksBuildPhase;
			buildActionMask = 2147483647;
			files = (
			);
			runOnlyForDeploymentPostprocessing = 0;
		};
/* End PBXFrameworksBuildPhase section */

/* Begin PBXGroup section */
		C1B97A9A227EE4DC00B7A87E = {
			isa = PBXGroup;
			children = (
				C1B97AA5227EE4DC00B7A87E /* OrenchukCV */,
				C1B97AA4227EE4DC00B7A87E /* Products */,
			);
			sourceTree = "<group>";
		};
		C1B97AA4227EE4DC00B7A87E /* Products */ = {
			isa = PBXGroup;
			children = (
				C1B97AA3227EE4DC00B7A87E /* OrenchukCV.app */,
			);
			name = Products;
			sourceTree = "<group>";
		};
		C1B97AA5227EE4DC00B7A87E /* OrenchukCV */ = {
			isa = PBXGroup;
			children = (
				C1B97AA6227EE4DC00B7A87E /* AppDelegate.swift */,
				C1B97AA8227EE4DC00B7A87E /* RootViewController.swift */,
				C1B97AAA227EE4DC00B7A87E /* DataViewController.swift */,
				C1B97AAC227EE4DC00B7A87E /* ModelController.swift */,
				C1B97AAE227EE4DC00B7A87E /* Main.storyboard */,
				C1B97AB1227EE4DE00B7A87E /* Assets.xcassets */,
				C1B97AB3227EE4DE00B7A87E /* LaunchScreen.storyboard */,
				C1B97AB6227EE4DE00B7A87E /* Info.plist */,
			);
			path = OrenchukCV;
			sourceTree = "<group>";
		};
/* End PBXGroup section */

/* Begin PBXNativeTarget section */
		C1B97AA2227EE4DC00B7A87E /* OrenchukCV */ = {
			isa = PBXNativeTarget;
			buildConfigurationList = C1B97AB9227EE4DE00B7A87E /* Build configuration list for PBXNativeTarget "OrenchukCV" */;
			buildPhases = (
				C1B97A9F227EE4DC00B7A87E /* Sources */,
				C1B97AA0227EE4DC00B7A87E /* Frameworks */,
				C1B97AA1227EE4DC00B7A87E /* Resources */,
			);
			buildRules = (
			);
			dependencies = (
			);
			name = OrenchukCV;
			productName = OrenchukCV;
			productReference = C1B97AA3227EE4DC00B7A87E /* OrenchukCV.app */;
			productType = "com.apple.product-type.application";
		};
/* End PBXNativeTarget section */

/* Begin PBXProject section */
		C1B97A9B227EE4DC00B7A87E /* Project object */ = {
			isa = PBXProject;
			attributes = {
				LastSwiftUpdateCheck = 1020;
				LastUpgradeCheck = 1020;
				ORGANIZATIONNAME = "Yevhenii Orenchuk";
				TargetAttributes = {
					C1B97AA2227EE4DC00B7A87E = {
						CreatedOnToolsVersion = 10.2;
					};
				};
			};
			buildConfigurationList = C1B97A9E227EE4DC00B7A87E /* Build configuration list for PBXProject "OrenchukCV" */;
			compatibilityVersion = "Xcode 9.3";
			developmentRegion = en;
			hasScannedForEncodings = 0;
			knownRegions = (
				en,
				Base,
			);
			mainGroup = C1B97A9A227EE4DC00B7A87E;
			productRefGroup = C1B97AA4227EE4DC00B7A87E /* Products */;
			projectDirPath = "";
			projectRoot = "";
			targets = (
				C1B97AA2227EE4DC00B7A87E /* OrenchukCV */,
			);
		};
/* End PBXProject section */

/* Begin PBXResourcesBuildPhase section */
		C1B97AA1227EE4DC00B7A87E /* Resources */ = {
			isa = PBXResourcesBuildPhase;
			buildActionMask = 2147483647;
			files = (
				C1B97AB5227EE4DE00B7A87E /* LaunchScreen.storyboard in Resources */,
				C1B97AB2227EE4DE00B7A87E /* Assets.xcassets in Resources */,
				C1B97AB0227EE4DC00B7A87E /* Main.storyboard in Resources */,
			);
			runOnlyForDeploymentPostprocessing = 0;
		};
/* End PBXResourcesBuildPhase section */

/* Begin PBXSourcesBuildPhase section */
		C1B97A9F227EE4DC00B7A87E /* Sources */ = {
			isa = PBXSourcesBuildPhase;
			buildActionMask = 2147483647;
			files = (
				C1B97AA9227EE4DC00B7A87E /* RootViewController.swift in Sources */,
				C1B97AAD227EE4DC00B7A87E /* ModelController.swift in Sources */,
				C1B97AAB227EE4DC00B7A87E /* DataViewController.swift in Sources */,
				C1B97AA7227EE4DC00B7A87E /* AppDelegate.swift in Sources */,
			);
			runOnlyForDeploymentPostprocessing = 0;
		};
/* End PBXSourcesBuildPhase section */

/* Begin PBXVariantGroup section */
		C1B97AAE227EE4DC00B7A87E /* Main.storyboard */ = {
			isa = PBXVariantGroup;
			children = (
				C1B97AAF227EE4DC00B7A87E /* Base */,
			);
			name = Main.storyboard;
			sourceTree = "<group>";
		};
		C1B97AB3227EE4DE00B7A87E /* LaunchScreen.storyboard */ = {
			isa = PBXVariantGroup;
			children = (
				C1B97AB4227EE4DE00B7A87E /* Base */,
			);
			name = LaunchScreen.storyboard;
			sourceTree = "<group>";
		};
/* End PBXVariantGroup section */

/* Begin XCBuildConfiguration section */
		C1B97AB7227EE4DE00B7A87E /* Debug */ = {
			isa = XCBuildConfiguration;
			buildSettings = {
				ALWAYS_SEARCH_USER_PATHS = NO;
				CLANG_ANALYZER_NONNULL = YES;
				CLANG_ANALYZER_NUMBER_OBJECT_CONVERSION = YES_AGGRESSIVE;
				CLANG_CXX_LANGUAGE_STANDARD = "gnu++14";
				CLANG_CXX_LIBRARY = "libc++";
				CLANG_ENABLE_MODULES = YES;
				CLANG_ENABLE_OBJC_ARC = YES;
				CLANG_ENABLE_OBJC_WEAK = YES;
				CLANG_WARN_BLOCK_CAPTURE_AUTORELEASING = YES;
				CLANG_WARN_BOOL_CONVERSION = YES;
				CLANG_WARN_COMMA = YES;
				CLANG_WARN_CONSTANT_CONVERSION = YES;
				CLANG_WARN_DEPRECATED_OBJC_IMPLEMENTATIONS = YES;
				CLANG_WARN_DIRECT_OBJC_ISA_USAGE = YES_ERROR;
				CLANG_WARN_DOCUMENTATION_COMMENTS = YES;
				CLANG_WARN_EMPTY_BODY = YES;
				CLANG_WARN_ENUM_CONVERSION = YES;
				CLANG_WARN_INFINITE_RECURSION = YES;
				CLANG_WARN_INT_CONVERSION = YES;
				CLANG_WARN_NON_LITERAL_NULL_CONVERSION = YES;
				CLANG_WARN_OBJC_IMPLICIT_RETAIN_SELF = YES;
				CLANG_WARN_OBJC_LITERAL_CONVERSION = YES;
				CLANG_WARN_OBJC_ROOT_CLASS = YES_ERROR;
				CLANG_WARN_RANGE_LOOP_ANALYSIS = YES;
				CLANG_WARN_STRICT_PROTOTYPES = YES;
				CLANG_WARN_SUSPICIOUS_MOVE = YES;
				CLANG_WARN_UNGUARDED_AVAILABILITY = YES_AGGRESSIVE;
				CLANG_WARN_UNREACHABLE_CODE = YES;
				CLANG_WARN__DUPLICATE_METHOD_MATCH = YES;
				CODE_SIGN_IDENTITY = "iPhone Developer";
				COPY_PHASE_STRIP = NO;
				DEBUG_INFORMATION_FORMAT = dwarf;
				ENABLE_STRICT_OBJC_MSGSEND = YES;
				ENABLE_TESTABILITY = YES;
				GCC_C_LANGUAGE_STANDARD = gnu11;
				GCC_DYNAMIC_NO_PIC = NO;
				GCC_NO_COMMON_BLOCKS = YES;
				GCC_OPTIMIZATION_LEVEL = 0;
				GCC_PREPROCESSOR_DEFINITIONS = (
					"DEBUG=1",
					"$(inherited)",
				);
				GCC_WARN_64_TO_32_BIT_CONVERSION = YES;
				GCC_WARN_ABOUT_RETURN_TYPE = YES_ERROR;
				GCC_WARN_UNDECLARED_SELECTOR = YES;
				GCC_WARN_UNINITIALIZED_AUTOS = YES_AGGRESSIVE;
				GCC_WARN_UNUSED_FUNCTION = YES;
				GCC_WARN_UNUSED_VARIABLE = YES;
				IPHONEOS_DEPLOYMENT_TARGET = 12.2;
				MTL_ENABLE_DEBUG_INFO = INCLUDE_SOURCE;
				MTL_FAST_MATH = YES;
				ONLY_ACTIVE_ARCH = YES;
				SDKROOT = iphoneos;
				SWIFT_ACTIVE_COMPILATION_CONDITIONS = DEBUG;
				SWIFT_OPTIMIZATION_LEVEL = "-Onone";
			};
			name = Debug;
		};
		C1B97AB8227EE4DE00B7A87E /* Release */ = {
			isa = XCBuildConfiguration;
			buildSettings = {
				ALWAYS_SEARCH_USER_PATHS = NO;
				CLANG_ANALYZER_NONNULL = YES;
				CLANG_ANALYZER_NUMBER_OBJECT_CONVERSION = YES_AGGRESSIVE;
				CLANG_CXX_LANGUAGE_STANDARD = "gnu++14";
				CLANG_CXX_LIBRARY = "libc++";
				CLANG_ENABLE_MODULES = YES;
				CLANG_ENABLE_OBJC_ARC = YES;
				CLANG_ENABLE_OBJC_WEAK = YES;
				CLANG_WARN_BLOCK_CAPTURE_AUTORELEASING = YES;
				CLANG_WARN_BOOL_CONVERSION = YES;
				CLANG_WARN_COMMA = YES;
				CLANG_WARN_CONSTANT_CONVERSION = YES;
				CLANG_WARN_DEPRECATED_OBJC_IMPLEMENTATIONS = YES;
				CLANG_WARN_DIRECT_OBJC_ISA_USAGE = YES_ERROR;
				CLANG_WARN_DOCUMENTATION_COMMENTS = YES;
				CLANG_WARN_EMPTY_BODY = YES;
				CLANG_WARN_ENUM_CONVERSION = YES;
				CLANG_WARN_INFINITE_RECURSION = YES;
				CLANG_WARN_INT_CONVERSION = YES;
				CLANG_WARN_NON_LITERAL_NULL_CONVERSION = YES;
				CLANG_WARN_OBJC_IMPLICIT_RETAIN_SELF = YES;
				CLANG_WARN_OBJC_LITERAL_CONVERSION = YES;
				CLANG_WARN_OBJC_ROOT_CLASS = YES_ERROR;
				CLANG_WARN_RANGE_LOOP_ANALYSIS = YES;
				CLANG_WARN_STRICT_PROTOTYPES = YES;
				CLANG_WARN_SUSPICIOUS_MOVE = YES;
				CLANG_WARN_UNGUARDED_AVAILABILITY = YES_AGGRESSIVE;
				CLANG_WARN_UNREACHABLE_CODE = YES;
				CLANG_WARN__DUPLICATE_METHOD_MATCH = YES;
				CODE_SIGN_IDENTITY = "iPhone Developer";
				COPY_PHASE_STRIP = NO;
				DEBUG_INFORMATION_FORMAT = "dwarf-with-dsym";
				ENABLE_NS_ASSERTIONS = NO;
				ENABLE_STRICT_OBJC_MSGSEND = YES;
				GCC_C_LANGUAGE_STANDARD = gnu11;
				GCC_NO_COMMON_BLOCKS = YES;
				GCC_WARN_64_TO_32_BIT_CONVERSION = YES;
				GCC_WARN_ABOUT_RETURN_TYPE = YES_ERROR;
				GCC_WARN_UNDECLARED_SELECTOR = YES;
				GCC_WARN_UNINITIALIZED_AUTOS = YES_AGGRESSIVE;
				GCC_WARN_UNUSED_FUNCTION = YES;
				GCC_WARN_UNUSED_VARIABLE = YES;
				IPHONEOS_DEPLOYMENT_TARGET = 12.2;
				MTL_ENABLE_DEBUG_INFO = NO;
				MTL_FAST_MATH = YES;
				SDKROOT = iphoneos;
				SWIFT_COMPILATION_MODE = wholemodule;
				SWIFT_OPTIMIZATION_LEVEL = "-O";
				VALIDATE_PRODUCT = YES;
			};
			name = Release;
		};
		C1B97ABA227EE4DE00B7A87E /* Debug */ = {
			isa = XCBuildConfiguration;
			buildSettings = {
				ASSETCATALOG_COMPILER_APPICON_NAME = AppIcon;
				CODE_SIGN_STYLE = Automatic;
				DEVELOPMENT_TEAM = 648A3N24L8;
				INFOPLIST_FILE = OrenchukCV/Info.plist;
				LD_RUNPATH_SEARCH_PATHS = (
					"$(inherited)",
					"@executable_path/Frameworks",
				);
				PRODUCT_BUNDLE_IDENTIFIER = com.orenchuk.OrenchukCV;
				PRODUCT_NAME = "$(TARGET_NAME)";
				SWIFT_VERSION = 5.0;
				TARGETED_DEVICE_FAMILY = "1,2";
			};
			name = Debug;
		};
		C1B97ABB227EE4DE00B7A87E /* Release */ = {
			isa = XCBuildConfiguration;
			buildSettings = {
				ASSETCATALOG_COMPILER_APPICON_NAME = AppIcon;
				CODE_SIGN_STYLE = Automatic;
				DEVELOPMENT_TEAM = 648A3N24L8;
				INFOPLIST_FILE = OrenchukCV/Info.plist;
				LD_RUNPATH_SEARCH_PATHS = (
					"$(inherited)",
					"@executable_path/Frameworks",
				);
				PRODUCT_BUNDLE_IDENTIFIER = com.orenchuk.OrenchukCV;
				PRODUCT_NAME = "$(TARGET_NAME)";
				SWIFT_VERSION = 5.0;
				TARGETED_DEVICE_FAMILY = "1,2";
			};
			name = Release;
		};
/* End XCBuildConfiguration section */

/* Begin XCConfigurationList section */
		C1B97A9E227EE4DC00B7A87E /* Build configuration list for PBXProject "OrenchukCV" */ = {
			isa = XCConfigurationList;
			buildConfigurations = (
				C1B97AB7227EE4DE00B7A87E /* Debug */,
				C1B97AB8227EE4DE00B7A87E /* Release */,
			);
			defaultConfigurationIsVisible = 0;
			defaultConfigurationName = Release;
		};
		C1B97AB9227EE4DE00B7A87E /* Build configuration list for PBXNativeTarget "OrenchukCV" */ = {
			isa = XCConfigurationList;
			buildConfigurations = (
				C1B97ABA227EE4DE00B7A87E /* Debug */,
				C1B97ABB227EE4DE00B7A87E /* Release */,
			);
			defaultConfigurationIsVisible = 0;
			defaultConfigurationName = Release;
		};
/* End XCConfigurationList section */
	};
	rootObject = C1B97A9B227EE4DC00B7A87E /* Project object */;
}
