// !$*UTF8*$!
{
	archiveVersion = 1;
	classes = {
	};
	objectVersion = 50;
	objects = {

/* Begin PBXBuildFile section */
		C1B97AA7227EE4DC00B7A87E /* AppDelegate.swift in Sources */ = {isa = PBXBuildFile; fileRef = C1B97AA6227EE4DC00B7A87E /* AppDelegate.swift */; };
		C1B97AB0227EE4DC00B7A87E /* Main.storyboard in Resources */ = {isa = PBXBuildFile; fileRef = C1B97AAE227EE4DC00B7A87E /* Main.storyboard */; };
		C1B97AB2227EE4DE00B7A87E /* Assets.xcassets in Resources */ = {isa = PBXBuildFile; fileRef = C1B97AB1227EE4DE00B7A87E /* Assets.xcassets */; };
		C1B97AB5227EE4DE00B7A87E /* LaunchScreen.storyboard in Resources */ = {isa = PBXBuildFile; fileRef = C1B97AB3227EE4DE00B7A87E /* LaunchScreen.storyboard */; };
		C1B97ABE227EF33200B7A87E /* UIView+Extension.swift in Sources */ = {isa = PBXBuildFile; fileRef = C1B97ABD227EF33200B7A87E /* UIView+Extension.swift */; };
		C1B97AC5227EFAD900B7A87E /* ProfileVC.swift in Sources */ = {isa = PBXBuildFile; fileRef = C1B97AC4227EFAD900B7A87E /* ProfileVC.swift */; };
		C1B97AC7227EFAEA00B7A87E /* ProfileViewModel.swift in Sources */ = {isa = PBXBuildFile; fileRef = C1B97AC6227EFAEA00B7A87E /* ProfileViewModel.swift */; };
		C1B97ACB227F03CF00B7A87E /* Constants.swift in Sources */ = {isa = PBXBuildFile; fileRef = C1B97ACA227F03CF00B7A87E /* Constants.swift */; };
		C1B97AD0227F4E8B00B7A87E /* ExperienceVC.swift in Sources */ = {isa = PBXBuildFile; fileRef = C1B97ACF227F4E8B00B7A87E /* ExperienceVC.swift */; };
		C1B97AD3227F4FBE00B7A87E /* ExperienceViewModel.swift in Sources */ = {isa = PBXBuildFile; fileRef = C1B97AD2227F4FBE00B7A87E /* ExperienceViewModel.swift */; };
		C1B97AD5227F504000B7A87E /* Experience.swift in Sources */ = {isa = PBXBuildFile; fileRef = C1B97AD4227F504000B7A87E /* Experience.swift */; };
		C1B97ADE227F5A5300B7A87E /* ExperienceCell.swift in Sources */ = {isa = PBXBuildFile; fileRef = C1B97ADC227F5A5300B7A87E /* ExperienceCell.swift */; };
		C1B97ADF227F5A5300B7A87E /* ExperienceCell.xib in Resources */ = {isa = PBXBuildFile; fileRef = C1B97ADD227F5A5300B7A87E /* ExperienceCell.xib */; };
		C1B97AE1227F7DB800B7A87E /* Skill.swift in Sources */ = {isa = PBXBuildFile; fileRef = C1B97AE0227F7DB800B7A87E /* Skill.swift */; };
		C1B97AE4227F851000B7A87E /* SkillCell.swift in Sources */ = {isa = PBXBuildFile; fileRef = C1B97AE3227F851000B7A87E /* SkillCell.swift */; };
/* End PBXBuildFile section */

/* Begin PBXFileReference section */
		C1B97AA3227EE4DC00B7A87E /* OrenchukCV.app */ = {isa = PBXFileReference; explicitFileType = wrapper.application; includeInIndex = 0; path = OrenchukCV.app; sourceTree = BUILT_PRODUCTS_DIR; };
		C1B97AA6227EE4DC00B7A87E /* AppDelegate.swift */ = {isa = PBXFileReference; lastKnownFileType = sourcecode.swift; path = AppDelegate.swift; sourceTree = "<group>"; };
		C1B97AAF227EE4DC00B7A87E /* Base */ = {isa = PBXFileReference; lastKnownFileType = file.storyboard; name = Base; path = Base.lproj/Main.storyboard; sourceTree = "<group>"; };
		C1B97AB1227EE4DE00B7A87E /* Assets.xcassets */ = {isa = PBXFileReference; lastKnownFileType = folder.assetcatalog; path = Assets.xcassets; sourceTree = "<group>"; };
		C1B97AB4227EE4DE00B7A87E /* Base */ = {isa = PBXFileReference; lastKnownFileType = file.storyboard; name = Base; path = Base.lproj/LaunchScreen.storyboard; sourceTree = "<group>"; };
		C1B97AB6227EE4DE00B7A87E /* Info.plist */ = {isa = PBXFileReference; lastKnownFileType = text.plist.xml; path = Info.plist; sourceTree = "<group>"; };
		C1B97ABD227EF33200B7A87E /* UIView+Extension.swift */ = {isa = PBXFileReference; lastKnownFileType = sourcecode.swift; path = "UIView+Extension.swift"; sourceTree = "<group>"; };
		C1B97AC4227EFAD900B7A87E /* ProfileVC.swift */ = {isa = PBXFileReference; lastKnownFileType = sourcecode.swift; path = ProfileVC.swift; sourceTree = "<group>"; };
		C1B97AC6227EFAEA00B7A87E /* ProfileViewModel.swift */ = {isa = PBXFileReference; lastKnownFileType = sourcecode.swift; path = ProfileViewModel.swift; sourceTree = "<group>"; };
		C1B97ACA227F03CF00B7A87E /* Constants.swift */ = {isa = PBXFileReference; lastKnownFileType = sourcecode.swift; path = Constants.swift; sourceTree = "<group>"; };
		C1B97ACF227F4E8B00B7A87E /* ExperienceVC.swift */ = {isa = PBXFileReference; lastKnownFileType = sourcecode.swift; path = ExperienceVC.swift; sourceTree = "<group>"; };
		C1B97AD2227F4FBE00B7A87E /* ExperienceViewModel.swift */ = {isa = PBXFileReference; lastKnownFileType = sourcecode.swift; path = ExperienceViewModel.swift; sourceTree = "<group>"; };
		C1B97AD4227F504000B7A87E /* Experience.swift */ = {isa = PBXFileReference; lastKnownFileType = sourcecode.swift; path = Experience.swift; sourceTree = "<group>"; };
		C1B97ADC227F5A5300B7A87E /* ExperienceCell.swift */ = {isa = PBXFileReference; fileEncoding = 4; lastKnownFileType = sourcecode.swift; path = ExperienceCell.swift; sourceTree = "<group>"; };
		C1B97ADD227F5A5300B7A87E /* ExperienceCell.xib */ = {isa = PBXFileReference; fileEncoding = 4; lastKnownFileType = file.xib; path = ExperienceCell.xib; sourceTree = "<group>"; };
		C1B97AE0227F7DB800B7A87E /* Skill.swift */ = {isa = PBXFileReference; lastKnownFileType = sourcecode.swift; path = Skill.swift; sourceTree = "<group>"; };
		C1B97AE3227F851000B7A87E /* SkillCell.swift */ = {isa = PBXFileReference; lastKnownFileType = sourcecode.swift; path = SkillCell.swift; sourceTree = "<group>"; };
/* End PBXFileReference section */

/* Begin PBXFrameworksBuildPhase section */
		C1B97AA0227EE4DC00B7A87E /* Frameworks */ = {
			isa = PBXFrameworksBuildPhase;
			buildActionMask = 2147483647;
			files = (
			);
			runOnlyForDeploymentPostprocessing = 0;
		};
/* End PBXFrameworksBuildPhase section */

/* Begin PBXGroup section */
		C1B97A9A227EE4DC00B7A87E = {
			isa = PBXGroup;
			children = (
				C1B97AA5227EE4DC00B7A87E /* OrenchukCV */,
				C1B97AA4227EE4DC00B7A87E /* Products */,
			);
			sourceTree = "<group>";
		};
		C1B97AA4227EE4DC00B7A87E /* Products */ = {
			isa = PBXGroup;
			children = (
				C1B97AA3227EE4DC00B7A87E /* OrenchukCV.app */,
			);
			name = Products;
			sourceTree = "<group>";
		};
		C1B97AA5227EE4DC00B7A87E /* OrenchukCV */ = {
			isa = PBXGroup;
			children = (
				C1B97ABC227EF31C00B7A87E /* Extensions */,
				C1B97ACC227F03D300B7A87E /* Constants */,
				C1B97ACE227F4E5B00B7A87E /* Models */,
				C1B97ABF227EFA3800B7A87E /* Scenes */,
				C1B97AC1227EFA8D00B7A87E /* Storyboards */,
				C1B97AC0227EFA7700B7A87E /* Resources */,
				C1B97AC2227EFAA700B7A87E /* SupportingFiles */,
			);
			path = OrenchukCV;
			sourceTree = "<group>";
		};
		C1B97ABC227EF31C00B7A87E /* Extensions */ = {
			isa = PBXGroup;
			children = (
				C1B97ABD227EF33200B7A87E /* UIView+Extension.swift */,
			);
			path = Extensions;
			sourceTree = "<group>";
		};
		C1B97ABF227EFA3800B7A87E /* Scenes */ = {
			isa = PBXGroup;
			children = (
				C1B97AD1227F4EEA00B7A87E /* Cells */,
				C1B97ACD227F4E4600B7A87E /* ExperienceVC */,
				C1B97AC3227EFAC400B7A87E /* ProfileVC */,
			);
			path = Scenes;
			sourceTree = "<group>";
		};
		C1B97AC0227EFA7700B7A87E /* Resources */ = {
			isa = PBXGroup;
			children = (
				C1B97AB1227EE4DE00B7A87E /* Assets.xcassets */,
			);
			path = Resources;
			sourceTree = "<group>";
		};
		C1B97AC1227EFA8D00B7A87E /* Storyboards */ = {
			isa = PBXGroup;
			children = (
				C1B97AAE227EE4DC00B7A87E /* Main.storyboard */,
			);
			path = Storyboards;
			sourceTree = "<group>";
		};
		C1B97AC2227EFAA700B7A87E /* SupportingFiles */ = {
			isa = PBXGroup;
			children = (
				C1B97AA6227EE4DC00B7A87E /* AppDelegate.swift */,
				C1B97AB6227EE4DE00B7A87E /* Info.plist */,
				C1B97AB3227EE4DE00B7A87E /* LaunchScreen.storyboard */,
			);
			path = SupportingFiles;
			sourceTree = "<group>";
		};
		C1B97AC3227EFAC400B7A87E /* ProfileVC */ = {
			isa = PBXGroup;
			children = (
				C1B97AC4227EFAD900B7A87E /* ProfileVC.swift */,
				C1B97AC6227EFAEA00B7A87E /* ProfileViewModel.swift */,
			);
			path = ProfileVC;
			sourceTree = "<group>";
		};
		C1B97ACC227F03D300B7A87E /* Constants */ = {
			isa = PBXGroup;
			children = (
				C1B97ACA227F03CF00B7A87E /* Constants.swift */,
			);
			path = Constants;
			sourceTree = "<group>";
		};
		C1B97ACD227F4E4600B7A87E /* ExperienceVC */ = {
			isa = PBXGroup;
			children = (
				C1B97ACF227F4E8B00B7A87E /* ExperienceVC.swift */,
				C1B97AD2227F4FBE00B7A87E /* ExperienceViewModel.swift */,
			);
			path = ExperienceVC;
			sourceTree = "<group>";
		};
		C1B97ACE227F4E5B00B7A87E /* Models */ = {
			isa = PBXGroup;
			children = (
				C1B97AD4227F504000B7A87E /* Experience.swift */,
				C1B97AE0227F7DB800B7A87E /* Skill.swift */,
			);
			path = Models;
			sourceTree = "<group>";
		};
		C1B97AD1227F4EEA00B7A87E /* Cells */ = {
			isa = PBXGroup;
			children = (
				C1B97AE2227F84EE00B7A87E /* SkillCell */,
				C1B97ADB227F5A5300B7A87E /* ExperienceCell */,
			);
			path = Cells;
			sourceTree = "<group>";
		};
		C1B97ADB227F5A5300B7A87E /* ExperienceCell */ = {
			isa = PBXGroup;
			children = (
				C1B97ADC227F5A5300B7A87E /* ExperienceCell.swift */,
				C1B97ADD227F5A5300B7A87E /* ExperienceCell.xib */,
			);
			path = ExperienceCell;
			sourceTree = "<group>";
		};
		C1B97AE2227F84EE00B7A87E /* SkillCell */ = {
			isa = PBXGroup;
			children = (
				C1B97AE3227F851000B7A87E /* SkillCell.swift */,
			);
			path = SkillCell;
			sourceTree = "<group>";
		};
/* End PBXGroup section */

/* Begin PBXNativeTarget section */
		C1B97AA2227EE4DC00B7A87E /* OrenchukCV */ = {
			isa = PBXNativeTarget;
			buildConfigurationList = C1B97AB9227EE4DE00B7A87E /* Build configuration list for PBXNativeTarget "OrenchukCV" */;
			buildPhases = (
				C1B97A9F227EE4DC00B7A87E /* Sources */,
				C1B97AA0227EE4DC00B7A87E /* Frameworks */,
				C1B97AA1227EE4DC00B7A87E /* Resources */,
			);
			buildRules = (
			);
			dependencies = (
			);
			name = OrenchukCV;
			productName = OrenchukCV;
			productReference = C1B97AA3227EE4DC00B7A87E /* OrenchukCV.app */;
			productType = "com.apple.product-type.application";
		};
/* End PBXNativeTarget section */

/* Begin PBXProject section */
		C1B97A9B227EE4DC00B7A87E /* Project object */ = {
			isa = PBXProject;
			attributes = {
				LastSwiftUpdateCheck = 1020;
				LastUpgradeCheck = 1020;
				ORGANIZATIONNAME = "Yevhenii Orenchuk";
				TargetAttributes = {
					C1B97AA2227EE4DC00B7A87E = {
						CreatedOnToolsVersion = 10.2;
					};
				};
			};
			buildConfigurationList = C1B97A9E227EE4DC00B7A87E /* Build configuration list for PBXProject "OrenchukCV" */;
			compatibilityVersion = "Xcode 9.3";
			developmentRegion = en;
			hasScannedForEncodings = 0;
			knownRegions = (
				en,
				Base,
			);
			mainGroup = C1B97A9A227EE4DC00B7A87E;
			productRefGroup = C1B97AA4227EE4DC00B7A87E /* Products */;
			projectDirPath = "";
			projectRoot = "";
			targets = (
				C1B97AA2227EE4DC00B7A87E /* OrenchukCV */,
			);
		};
/* End PBXProject section */

/* Begin PBXResourcesBuildPhase section */
		C1B97AA1227EE4DC00B7A87E /* Resources */ = {
			isa = PBXResourcesBuildPhase;
			buildActionMask = 2147483647;
			files = (
				C1B97AB5227EE4DE00B7A87E /* LaunchScreen.storyboard in Resources */,
				C1B97AB2227EE4DE00B7A87E /* Assets.xcassets in Resources */,
				C1B97AB0227EE4DC00B7A87E /* Main.storyboard in Resources */,
				C1B97ADF227F5A5300B7A87E /* ExperienceCell.xib in Resources */,
			);
			runOnlyForDeploymentPostprocessing = 0;
		};
/* End PBXResourcesBuildPhase section */

/* Begin PBXSourcesBuildPhase section */
		C1B97A9F227EE4DC00B7A87E /* Sources */ = {
			isa = PBXSourcesBuildPhase;
			buildActionMask = 2147483647;
			files = (
				C1B97ACB227F03CF00B7A87E /* Constants.swift in Sources */,
				C1B97AD3227F4FBE00B7A87E /* ExperienceViewModel.swift in Sources */,
				C1B97AC5227EFAD900B7A87E /* ProfileVC.swift in Sources */,
				C1B97AD5227F504000B7A87E /* Experience.swift in Sources */,
				C1B97ABE227EF33200B7A87E /* UIView+Extension.swift in Sources */,
				C1B97ADE227F5A5300B7A87E /* ExperienceCell.swift in Sources */,
				C1B97AE4227F851000B7A87E /* SkillCell.swift in Sources */,
				C1B97AC7227EFAEA00B7A87E /* ProfileViewModel.swift in Sources */,
				C1B97AE1227F7DB800B7A87E /* Skill.swift in Sources */,
				C1B97AD0227F4E8B00B7A87E /* ExperienceVC.swift in Sources */,
				C1B97AA7227EE4DC00B7A87E /* AppDelegate.swift in Sources */,
			);
			runOnlyForDeploymentPostprocessing = 0;
		};
/* End PBXSourcesBuildPhase section */

/* Begin PBXVariantGroup section */
		C1B97AAE227EE4DC00B7A87E /* Main.storyboard */ = {
			isa = PBXVariantGroup;
			children = (
				C1B97AAF227EE4DC00B7A87E /* Base */,
			);
			name = Main.storyboard;
			sourceTree = "<group>";
		};
		C1B97AB3227EE4DE00B7A87E /* LaunchScreen.storyboard */ = {
			isa = PBXVariantGroup;
			children = (
				C1B97AB4227EE4DE00B7A87E /* Base */,
			);
			name = LaunchScreen.storyboard;
			sourceTree = "<group>";
		};
/* End PBXVariantGroup section */

/* Begin XCBuildConfiguration section */
		C1B97AB7227EE4DE00B7A87E /* Debug */ = {
			isa = XCBuildConfiguration;
			buildSettings = {
				ALWAYS_SEARCH_USER_PATHS = NO;
				CLANG_ANALYZER_NONNULL = YES;
				CLANG_ANALYZER_NUMBER_OBJECT_CONVERSION = YES_AGGRESSIVE;
				CLANG_CXX_LANGUAGE_STANDARD = "gnu++14";
				CLANG_CXX_LIBRARY = "libc++";
				CLANG_ENABLE_MODULES = YES;
				CLANG_ENABLE_OBJC_ARC = YES;
				CLANG_ENABLE_OBJC_WEAK = YES;
				CLANG_WARN_BLOCK_CAPTURE_AUTORELEASING = YES;
				CLANG_WARN_BOOL_CONVERSION = YES;
				CLANG_WARN_COMMA = YES;
				CLANG_WARN_CONSTANT_CONVERSION = YES;
				CLANG_WARN_DEPRECATED_OBJC_IMPLEMENTATIONS = YES;
				CLANG_WARN_DIRECT_OBJC_ISA_USAGE = YES_ERROR;
				CLANG_WARN_DOCUMENTATION_COMMENTS = YES;
				CLANG_WARN_EMPTY_BODY = YES;
				CLANG_WARN_ENUM_CONVERSION = YES;
				CLANG_WARN_INFINITE_RECURSION = YES;
				CLANG_WARN_INT_CONVERSION = YES;
				CLANG_WARN_NON_LITERAL_NULL_CONVERSION = YES;
				CLANG_WARN_OBJC_IMPLICIT_RETAIN_SELF = YES;
				CLANG_WARN_OBJC_LITERAL_CONVERSION = YES;
				CLANG_WARN_OBJC_ROOT_CLASS = YES_ERROR;
				CLANG_WARN_RANGE_LOOP_ANALYSIS = YES;
				CLANG_WARN_STRICT_PROTOTYPES = YES;
				CLANG_WARN_SUSPICIOUS_MOVE = YES;
				CLANG_WARN_UNGUARDED_AVAILABILITY = YES_AGGRESSIVE;
				CLANG_WARN_UNREACHABLE_CODE = YES;
				CLANG_WARN__DUPLICATE_METHOD_MATCH = YES;
				CODE_SIGN_IDENTITY = "iPhone Developer";
				COPY_PHASE_STRIP = NO;
				DEBUG_INFORMATION_FORMAT = dwarf;
				ENABLE_STRICT_OBJC_MSGSEND = YES;
				ENABLE_TESTABILITY = YES;
				GCC_C_LANGUAGE_STANDARD = gnu11;
				GCC_DYNAMIC_NO_PIC = NO;
				GCC_NO_COMMON_BLOCKS = YES;
				GCC_OPTIMIZATION_LEVEL = 0;
				GCC_PREPROCESSOR_DEFINITIONS = (
					"DEBUG=1",
					"$(inherited)",
				);
				GCC_WARN_64_TO_32_BIT_CONVERSION = YES;
				GCC_WARN_ABOUT_RETURN_TYPE = YES_ERROR;
				GCC_WARN_UNDECLARED_SELECTOR = YES;
				GCC_WARN_UNINITIALIZED_AUTOS = YES_AGGRESSIVE;
				GCC_WARN_UNUSED_FUNCTION = YES;
				GCC_WARN_UNUSED_VARIABLE = YES;
				IPHONEOS_DEPLOYMENT_TARGET = 12.2;
				MTL_ENABLE_DEBUG_INFO = INCLUDE_SOURCE;
				MTL_FAST_MATH = YES;
				ONLY_ACTIVE_ARCH = YES;
				SDKROOT = iphoneos;
				SWIFT_ACTIVE_COMPILATION_CONDITIONS = DEBUG;
				SWIFT_OPTIMIZATION_LEVEL = "-Onone";
			};
			name = Debug;
		};
		C1B97AB8227EE4DE00B7A87E /* Release */ = {
			isa = XCBuildConfiguration;
			buildSettings = {
				ALWAYS_SEARCH_USER_PATHS = NO;
				CLANG_ANALYZER_NONNULL = YES;
				CLANG_ANALYZER_NUMBER_OBJECT_CONVERSION = YES_AGGRESSIVE;
				CLANG_CXX_LANGUAGE_STANDARD = "gnu++14";
				CLANG_CXX_LIBRARY = "libc++";
				CLANG_ENABLE_MODULES = YES;
				CLANG_ENABLE_OBJC_ARC = YES;
				CLANG_ENABLE_OBJC_WEAK = YES;
				CLANG_WARN_BLOCK_CAPTURE_AUTORELEASING = YES;
				CLANG_WARN_BOOL_CONVERSION = YES;
				CLANG_WARN_COMMA = YES;
				CLANG_WARN_CONSTANT_CONVERSION = YES;
				CLANG_WARN_DEPRECATED_OBJC_IMPLEMENTATIONS = YES;
				CLANG_WARN_DIRECT_OBJC_ISA_USAGE = YES_ERROR;
				CLANG_WARN_DOCUMENTATION_COMMENTS = YES;
				CLANG_WARN_EMPTY_BODY = YES;
				CLANG_WARN_ENUM_CONVERSION = YES;
				CLANG_WARN_INFINITE_RECURSION = YES;
				CLANG_WARN_INT_CONVERSION = YES;
				CLANG_WARN_NON_LITERAL_NULL_CONVERSION = YES;
				CLANG_WARN_OBJC_IMPLICIT_RETAIN_SELF = YES;
				CLANG_WARN_OBJC_LITERAL_CONVERSION = YES;
				CLANG_WARN_OBJC_ROOT_CLASS = YES_ERROR;
				CLANG_WARN_RANGE_LOOP_ANALYSIS = YES;
				CLANG_WARN_STRICT_PROTOTYPES = YES;
				CLANG_WARN_SUSPICIOUS_MOVE = YES;
				CLANG_WARN_UNGUARDED_AVAILABILITY = YES_AGGRESSIVE;
				CLANG_WARN_UNREACHABLE_CODE = YES;
				CLANG_WARN__DUPLICATE_METHOD_MATCH = YES;
				CODE_SIGN_IDENTITY = "iPhone Developer";
				COPY_PHASE_STRIP = NO;
				DEBUG_INFORMATION_FORMAT = "dwarf-with-dsym";
				ENABLE_NS_ASSERTIONS = NO;
				ENABLE_STRICT_OBJC_MSGSEND = YES;
				GCC_C_LANGUAGE_STANDARD = gnu11;
				GCC_NO_COMMON_BLOCKS = YES;
				GCC_WARN_64_TO_32_BIT_CONVERSION = YES;
				GCC_WARN_ABOUT_RETURN_TYPE = YES_ERROR;
				GCC_WARN_UNDECLARED_SELECTOR = YES;
				GCC_WARN_UNINITIALIZED_AUTOS = YES_AGGRESSIVE;
				GCC_WARN_UNUSED_FUNCTION = YES;
				GCC_WARN_UNUSED_VARIABLE = YES;
				IPHONEOS_DEPLOYMENT_TARGET = 12.2;
				MTL_ENABLE_DEBUG_INFO = NO;
				MTL_FAST_MATH = YES;
				SDKROOT = iphoneos;
				SWIFT_COMPILATION_MODE = wholemodule;
				SWIFT_OPTIMIZATION_LEVEL = "-O";
				VALIDATE_PRODUCT = YES;
			};
			name = Release;
		};
		C1B97ABA227EE4DE00B7A87E /* Debug */ = {
			isa = XCBuildConfiguration;
			buildSettings = {
				ASSETCATALOG_COMPILER_APPICON_NAME = AppIcon;
				CODE_SIGN_STYLE = Automatic;
				DEVELOPMENT_TEAM = 648A3N24L8;
				INFOPLIST_FILE = "$(SRCROOT)/OrenchukCV/SupportingFiles/Info.plist";
				LD_RUNPATH_SEARCH_PATHS = (
					"$(inherited)",
					"@executable_path/Frameworks",
				);
				PRODUCT_BUNDLE_IDENTIFIER = com.orenchuk.OrenchukCV;
				PRODUCT_NAME = "$(TARGET_NAME)";
				SWIFT_VERSION = 5.0;
				TARGETED_DEVICE_FAMILY = "1,2";
			};
			name = Debug;
		};
		C1B97ABB227EE4DE00B7A87E /* Release */ = {
			isa = XCBuildConfiguration;
			buildSettings = {
				ASSETCATALOG_COMPILER_APPICON_NAME = AppIcon;
				CODE_SIGN_STYLE = Automatic;
				DEVELOPMENT_TEAM = 648A3N24L8;
				INFOPLIST_FILE = "$(SRCROOT)/OrenchukCV/SupportingFiles/Info.plist";
				LD_RUNPATH_SEARCH_PATHS = (
					"$(inherited)",
					"@executable_path/Frameworks",
				);
				PRODUCT_BUNDLE_IDENTIFIER = com.orenchuk.OrenchukCV;
				PRODUCT_NAME = "$(TARGET_NAME)";
				SWIFT_VERSION = 5.0;
				TARGETED_DEVICE_FAMILY = "1,2";
			};
			name = Release;
		};
/* End XCBuildConfiguration section */

/* Begin XCConfigurationList section */
		C1B97A9E227EE4DC00B7A87E /* Build configuration list for PBXProject "OrenchukCV" */ = {
			isa = XCConfigurationList;
			buildConfigurations = (
				C1B97AB7227EE4DE00B7A87E /* Debug */,
				C1B97AB8227EE4DE00B7A87E /* Release */,
			);
			defaultConfigurationIsVisible = 0;
			defaultConfigurationName = Release;
		};
		C1B97AB9227EE4DE00B7A87E /* Build configuration list for PBXNativeTarget "OrenchukCV" */ = {
			isa = XCConfigurationList;
			buildConfigurations = (
				C1B97ABA227EE4DE00B7A87E /* Debug */,
				C1B97ABB227EE4DE00B7A87E /* Release */,
			);
			defaultConfigurationIsVisible = 0;
			defaultConfigurationName = Release;
		};
/* End XCConfigurationList section */
	};
	rootObject = C1B97A9B227EE4DC00B7A87E /* Project object */;
}
